// !$*UTF8*$!
{
	archiveVersion = 1;
	classes = {
	};
	objectVersion = 46;
	objects = {

/* Begin PBXBuildFile section */
		52EC7306187E5A23003CE5C4 /* Foundation.framework in Frameworks */ = {isa = PBXBuildFile; fileRef = 52EC7305187E5A22003CE5C4 /* Foundation.framework */; };
		52EC7308187E5A23003CE5C4 /* CoreGraphics.framework in Frameworks */ = {isa = PBXBuildFile; fileRef = 52EC7307187E5A23003CE5C4 /* CoreGraphics.framework */; };
		52EC730A187E5A23003CE5C4 /* UIKit.framework in Frameworks */ = {isa = PBXBuildFile; fileRef = 52EC7309187E5A23003CE5C4 /* UIKit.framework */; };
		52EC7310187E5A23003CE5C4 /* InfoPlist.strings in Resources */ = {isa = PBXBuildFile; fileRef = 52EC730E187E5A23003CE5C4 /* InfoPlist.strings */; };
		52EC7312187E5A23003CE5C4 /* main.m in Sources */ = {isa = PBXBuildFile; fileRef = 52EC7311187E5A23003CE5C4 /* main.m */; };
		52EC7316187E5A23003CE5C4 /* AppDelegate.m in Sources */ = {isa = PBXBuildFile; fileRef = 52EC7315187E5A23003CE5C4 /* AppDelegate.m */; };
		52EC7319187E5A23003CE5C4 /* Main.storyboard in Resources */ = {isa = PBXBuildFile; fileRef = 52EC7317187E5A23003CE5C4 /* Main.storyboard */; };
		52EC731C187E5A23003CE5C4 /* ViewController.m in Sources */ = {isa = PBXBuildFile; fileRef = 52EC731B187E5A23003CE5C4 /* ViewController.m */; };
		52EC731E187E5A23003CE5C4 /* Images.xcassets in Resources */ = {isa = PBXBuildFile; fileRef = 52EC731D187E5A23003CE5C4 /* Images.xcassets */; };
		52EC7325187E5A23003CE5C4 /* XCTest.framework in Frameworks */ = {isa = PBXBuildFile; fileRef = 52EC7324187E5A23003CE5C4 /* XCTest.framework */; };
		52EC7326187E5A23003CE5C4 /* Foundation.framework in Frameworks */ = {isa = PBXBuildFile; fileRef = 52EC7305187E5A22003CE5C4 /* Foundation.framework */; };
		52EC7327187E5A23003CE5C4 /* UIKit.framework in Frameworks */ = {isa = PBXBuildFile; fileRef = 52EC7309187E5A23003CE5C4 /* UIKit.framework */; };
		52EC732F187E5A23003CE5C4 /* InfoPlist.strings in Resources */ = {isa = PBXBuildFile; fileRef = 52EC732D187E5A23003CE5C4 /* InfoPlist.strings */; };
		52EC7331187E5A23003CE5C4 /* CheckTests.m in Sources */ = {isa = PBXBuildFile; fileRef = 52EC7330187E5A23003CE5C4 /* CheckTests.m */; };
/* End PBXBuildFile section */

/* Begin PBXContainerItemProxy section */
		52EC7328187E5A23003CE5C4 /* PBXContainerItemProxy */ = {
			isa = PBXContainerItemProxy;
			containerPortal = 52EC72FA187E5A22003CE5C4 /* Project object */;
			proxyType = 1;
			remoteGlobalIDString = 52EC7301187E5A22003CE5C4;
			remoteInfo = Check;
		};
/* End PBXContainerItemProxy section */

/* Begin PBXFileReference section */
		52EC7302187E5A22003CE5C4 /* Check.app */ = {isa = PBXFileReference; explicitFileType = wrapper.application; includeInIndex = 0; path = Check.app; sourceTree = BUILT_PRODUCTS_DIR; };
		52EC7305187E5A22003CE5C4 /* Foundation.framework */ = {isa = PBXFileReference; lastKnownFileType = wrapper.framework; name = Foundation.framework; path = System/Library/Frameworks/Foundation.framework; sourceTree = SDKROOT; };
		52EC7307187E5A23003CE5C4 /* CoreGraphics.framework */ = {isa = PBXFileReference; lastKnownFileType = wrapper.framework; name = CoreGraphics.framework; path = System/Library/Frameworks/CoreGraphics.framework; sourceTree = SDKROOT; };
		52EC7309187E5A23003CE5C4 /* UIKit.framework */ = {isa = PBXFileReference; lastKnownFileType = wrapper.framework; name = UIKit.framework; path = System/Library/Frameworks/UIKit.framework; sourceTree = SDKROOT; };
		52EC730D187E5A23003CE5C4 /* Check-Info.plist */ = {isa = PBXFileReference; lastKnownFileType = text.plist.xml; path = "Check-Info.plist"; sourceTree = "<group>"; };
		52EC730F187E5A23003CE5C4 /* en */ = {isa = PBXFileReference; lastKnownFileType = text.plist.strings; name = en; path = en.lproj/InfoPlist.strings; sourceTree = "<group>"; };
		52EC7311187E5A23003CE5C4 /* main.m */ = {isa = PBXFileReference; lastKnownFileType = sourcecode.c.objc; path = main.m; sourceTree = "<group>"; };
		52EC7313187E5A23003CE5C4 /* Check-Prefix.pch */ = {isa = PBXFileReference; lastKnownFileType = sourcecode.c.h; path = "Check-Prefix.pch"; sourceTree = "<group>"; };
		52EC7314187E5A23003CE5C4 /* AppDelegate.h */ = {isa = PBXFileReference; lastKnownFileType = sourcecode.c.h; path = AppDelegate.h; sourceTree = "<group>"; };
		52EC7315187E5A23003CE5C4 /* AppDelegate.m */ = {isa = PBXFileReference; lastKnownFileType = sourcecode.c.objc; path = AppDelegate.m; sourceTree = "<group>"; };
		52EC7318187E5A23003CE5C4 /* Base */ = {isa = PBXFileReference; lastKnownFileType = file.storyboard; name = Base; path = Base.lproj/Main.storyboard; sourceTree = "<group>"; };
		52EC731A187E5A23003CE5C4 /* ViewController.h */ = {isa = PBXFileReference; lastKnownFileType = sourcecode.c.h; path = ViewController.h; sourceTree = "<group>"; };
		52EC731B187E5A23003CE5C4 /* ViewController.m */ = {isa = PBXFileReference; lastKnownFileType = sourcecode.c.objc; path = ViewController.m; sourceTree = "<group>"; };
		52EC731D187E5A23003CE5C4 /* Images.xcassets */ = {isa = PBXFileReference; lastKnownFileType = folder.assetcatalog; path = Images.xcassets; sourceTree = "<group>"; };
		52EC7323187E5A23003CE5C4 /* CheckTests.xctest */ = {isa = PBXFileReference; explicitFileType = wrapper.cfbundle; includeInIndex = 0; path = CheckTests.xctest; sourceTree = BUILT_PRODUCTS_DIR; };
		52EC7324187E5A23003CE5C4 /* XCTest.framework */ = {isa = PBXFileReference; lastKnownFileType = wrapper.framework; name = XCTest.framework; path = Library/Frameworks/XCTest.framework; sourceTree = DEVELOPER_DIR; };
		52EC732C187E5A23003CE5C4 /* CheckTests-Info.plist */ = {isa = PBXFileReference; lastKnownFileType = text.plist.xml; path = "CheckTests-Info.plist"; sourceTree = "<group>"; };
		52EC732E187E5A23003CE5C4 /* en */ = {isa = PBXFileReference; lastKnownFileType = text.plist.strings; name = en; path = en.lproj/InfoPlist.strings; sourceTree = "<group>"; };
		52EC7330187E5A23003CE5C4 /* CheckTests.m */ = {isa = PBXFileReference; lastKnownFileType = sourcecode.c.objc; path = CheckTests.m; sourceTree = "<group>"; };
/* End PBXFileReference section */

/* Begin PBXFrameworksBuildPhase section */
		52EC72FF187E5A22003CE5C4 /* Frameworks */ = {
			isa = PBXFrameworksBuildPhase;
			buildActionMask = 2147483647;
			files = (
				52EC7308187E5A23003CE5C4 /* CoreGraphics.framework in Frameworks */,
				52EC730A187E5A23003CE5C4 /* UIKit.framework in Frameworks */,
				52EC7306187E5A23003CE5C4 /* Foundation.framework in Frameworks */,
			);
			runOnlyForDeploymentPostprocessing = 0;
		};
		52EC7320187E5A23003CE5C4 /* Frameworks */ = {
			isa = PBXFrameworksBuildPhase;
			buildActionMask = 2147483647;
			files = (
				52EC7325187E5A23003CE5C4 /* XCTest.framework in Frameworks */,
				52EC7327187E5A23003CE5C4 /* UIKit.framework in Frameworks */,
				52EC7326187E5A23003CE5C4 /* Foundation.framework in Frameworks */,
			);
			runOnlyForDeploymentPostprocessing = 0;
		};
/* End PBXFrameworksBuildPhase section */

/* Begin PBXGroup section */
		52EC72F9187E5A22003CE5C4 = {
			isa = PBXGroup;
			children = (
				52EC730B187E5A23003CE5C4 /* Check */,
				52EC732A187E5A23003CE5C4 /* CheckTests */,
				52EC7304187E5A22003CE5C4 /* Frameworks */,
				52EC7303187E5A22003CE5C4 /* Products */,
			);
			sourceTree = "<group>";
		};
		52EC7303187E5A22003CE5C4 /* Products */ = {
			isa = PBXGroup;
			children = (
				52EC7302187E5A22003CE5C4 /* Check.app */,
				52EC7323187E5A23003CE5C4 /* CheckTests.xctest */,
			);
			name = Products;
			sourceTree = "<group>";
		};
		52EC7304187E5A22003CE5C4 /* Frameworks */ = {
			isa = PBXGroup;
			children = (
				52EC7305187E5A22003CE5C4 /* Foundation.framework */,
				52EC7307187E5A23003CE5C4 /* CoreGraphics.framework */,
				52EC7309187E5A23003CE5C4 /* UIKit.framework */,
				52EC7324187E5A23003CE5C4 /* XCTest.framework */,
			);
			name = Frameworks;
			sourceTree = "<group>";
		};
		52EC730B187E5A23003CE5C4 /* Check */ = {
			isa = PBXGroup;
			children = (
				52EC7314187E5A23003CE5C4 /* AppDelegate.h */,
				52EC7315187E5A23003CE5C4 /* AppDelegate.m */,
				52EC7317187E5A23003CE5C4 /* Main.storyboard */,
				52EC731A187E5A23003CE5C4 /* ViewController.h */,
				52EC731B187E5A23003CE5C4 /* ViewController.m */,
				52EC731D187E5A23003CE5C4 /* Images.xcassets */,
				52EC730C187E5A23003CE5C4 /* Supporting Files */,
			);
			path = Check;
			sourceTree = "<group>";
		};
		52EC730C187E5A23003CE5C4 /* Supporting Files */ = {
			isa = PBXGroup;
			children = (
				52EC730D187E5A23003CE5C4 /* Check-Info.plist */,
				52EC730E187E5A23003CE5C4 /* InfoPlist.strings */,
				52EC7311187E5A23003CE5C4 /* main.m */,
				52EC7313187E5A23003CE5C4 /* Check-Prefix.pch */,
			);
			name = "Supporting Files";
			sourceTree = "<group>";
		};
		52EC732A187E5A23003CE5C4 /* CheckTests */ = {
			isa = PBXGroup;
			children = (
				52EC7330187E5A23003CE5C4 /* CheckTests.m */,
				52EC732B187E5A23003CE5C4 /* Supporting Files */,
			);
			path = CheckTests;
			sourceTree = "<group>";
		};
		52EC732B187E5A23003CE5C4 /* Supporting Files */ = {
			isa = PBXGroup;
			children = (
				52EC732C187E5A23003CE5C4 /* CheckTests-Info.plist */,
				52EC732D187E5A23003CE5C4 /* InfoPlist.strings */,
			);
			name = "Supporting Files";
			sourceTree = "<group>";
		};
/* End PBXGroup section */

/* Begin PBXNativeTarget section */
		52EC7301187E5A22003CE5C4 /* Check */ = {
			isa = PBXNativeTarget;
			buildConfigurationList = 52EC7334187E5A24003CE5C4 /* Build configuration list for PBXNativeTarget "Check" */;
			buildPhases = (
				52EC72FE187E5A22003CE5C4 /* Sources */,
				52EC72FF187E5A22003CE5C4 /* Frameworks */,
				52EC7300187E5A22003CE5C4 /* Resources */,
			);
			buildRules = (
			);
			dependencies = (
			);
			name = Check;
			productName = Check;
			productReference = 52EC7302187E5A22003CE5C4 /* Check.app */;
			productType = "com.apple.product-type.application";
		};
		52EC7322187E5A23003CE5C4 /* CheckTests */ = {
			isa = PBXNativeTarget;
			buildConfigurationList = 52EC7337187E5A24003CE5C4 /* Build configuration list for PBXNativeTarget "CheckTests" */;
			buildPhases = (
				52EC731F187E5A23003CE5C4 /* Sources */,
				52EC7320187E5A23003CE5C4 /* Frameworks */,
				52EC7321187E5A23003CE5C4 /* Resources */,
			);
			buildRules = (
			);
			dependencies = (
				52EC7329187E5A23003CE5C4 /* PBXTargetDependency */,
			);
			name = CheckTests;
			productName = CheckTests;
			productReference = 52EC7323187E5A23003CE5C4 /* CheckTests.xctest */;
			productType = "com.apple.product-type.bundle.unit-test";
		};
/* End PBXNativeTarget section */

/* Begin PBXProject section */
		52EC72FA187E5A22003CE5C4 /* Project object */ = {
			isa = PBXProject;
			attributes = {
				LastUpgradeCheck = 0500;
				ORGANIZATIONNAME = Kohl;
				TargetAttributes = {
					52EC7322187E5A23003CE5C4 = {
						TestTargetID = 52EC7301187E5A22003CE5C4;
					};
				};
			};
			buildConfigurationList = 52EC72FD187E5A22003CE5C4 /* Build configuration list for PBXProject "Check" */;
			compatibilityVersion = "Xcode 3.2";
			developmentRegion = English;
			hasScannedForEncodings = 0;
			knownRegions = (
				en,
				Base,
			);
			mainGroup = 52EC72F9187E5A22003CE5C4;
			productRefGroup = 52EC7303187E5A22003CE5C4 /* Products */;
			projectDirPath = "";
			projectRoot = "";
			targets = (
				52EC7301187E5A22003CE5C4 /* Check */,
				52EC7322187E5A23003CE5C4 /* CheckTests */,
			);
		};
/* End PBXProject section */

/* Begin PBXResourcesBuildPhase section */
		52EC7300187E5A22003CE5C4 /* Resources */ = {
			isa = PBXResourcesBuildPhase;
			buildActionMask = 2147483647;
			files = (
				52EC731E187E5A23003CE5C4 /* Images.xcassets in Resources */,
				52EC7310187E5A23003CE5C4 /* InfoPlist.strings in Resources */,
				52EC7319187E5A23003CE5C4 /* Main.storyboard in Resources */,
			);
			runOnlyForDeploymentPostprocessing = 0;
		};
		52EC7321187E5A23003CE5C4 /* Resources */ = {
			isa = PBXResourcesBuildPhase;
			buildActionMask = 2147483647;
			files = (
				52EC732F187E5A23003CE5C4 /* InfoPlist.strings in Resources */,
			);
			runOnlyForDeploymentPostprocessing = 0;
		};
/* End PBXResourcesBuildPhase section */

/* Begin PBXSourcesBuildPhase section */
		52EC72FE187E5A22003CE5C4 /* Sources */ = {
			isa = PBXSourcesBuildPhase;
			buildActionMask = 2147483647;
			files = (
				52EC731C187E5A23003CE5C4 /* ViewController.m in Sources */,
				52EC7316187E5A23003CE5C4 /* AppDelegate.m in Sources */,
				52EC7312187E5A23003CE5C4 /* main.m in Sources */,
			);
			runOnlyForDeploymentPostprocessing = 0;
		};
		52EC731F187E5A23003CE5C4 /* Sources */ = {
			isa = PBXSourcesBuildPhase;
			buildActionMask = 2147483647;
			files = (
				52EC7331187E5A23003CE5C4 /* CheckTests.m in Sources */,
			);
			runOnlyForDeploymentPostprocessing = 0;
		};
/* End PBXSourcesBuildPhase section */

/* Begin PBXTargetDependency section */
		52EC7329187E5A23003CE5C4 /* PBXTargetDependency */ = {
			isa = PBXTargetDependency;
			target = 52EC7301187E5A22003CE5C4 /* Check */;
			targetProxy = 52EC7328187E5A23003CE5C4 /* PBXContainerItemProxy */;
		};
/* End PBXTargetDependency section */

/* Begin PBXVariantGroup section */
		52EC730E187E5A23003CE5C4 /* InfoPlist.strings */ = {
			isa = PBXVariantGroup;
			children = (
				52EC730F187E5A23003CE5C4 /* en */,
			);
			name = InfoPlist.strings;
			sourceTree = "<group>";
		};
		52EC7317187E5A23003CE5C4 /* Main.storyboard */ = {
			isa = PBXVariantGroup;
			children = (
				52EC7318187E5A23003CE5C4 /* Base */,
			);
			name = Main.storyboard;
			sourceTree = "<group>";
		};
		52EC732D187E5A23003CE5C4 /* InfoPlist.strings */ = {
			isa = PBXVariantGroup;
			children = (
				52EC732E187E5A23003CE5C4 /* en */,
			);
			name = InfoPlist.strings;
			sourceTree = "<group>";
		};
/* End PBXVariantGroup section */

/* Begin XCBuildConfiguration section */
		52EC7332187E5A23003CE5C4 /* Debug */ = {
			isa = XCBuildConfiguration;
			buildSettings = {
				ALWAYS_SEARCH_USER_PATHS = NO;
				ARCHS = "$(ARCHS_STANDARD_INCLUDING_64_BIT)";
				CLANG_CXX_LANGUAGE_STANDARD = "gnu++0x";
				CLANG_CXX_LIBRARY = "libc++";
				CLANG_ENABLE_MODULES = YES;
				CLANG_ENABLE_OBJC_ARC = YES;
				CLANG_WARN_BOOL_CONVERSION = YES;
				CLANG_WARN_CONSTANT_CONVERSION = YES;
				CLANG_WARN_DIRECT_OBJC_ISA_USAGE = YES_ERROR;
				CLANG_WARN_EMPTY_BODY = YES;
				CLANG_WARN_ENUM_CONVERSION = YES;
				CLANG_WARN_INT_CONVERSION = YES;
				CLANG_WARN_OBJC_ROOT_CLASS = YES_ERROR;
				CLANG_WARN__DUPLICATE_METHOD_MATCH = YES;
				"CODE_SIGN_IDENTITY[sdk=iphoneos*]" = "iPhone Developer";
				COPY_PHASE_STRIP = NO;
				GCC_C_LANGUAGE_STANDARD = gnu99;
				GCC_DYNAMIC_NO_PIC = NO;
				GCC_OPTIMIZATION_LEVEL = 0;
				GCC_PREPROCESSOR_DEFINITIONS = (
					"DEBUG=1",
					"$(inherited)",
				);
				GCC_SYMBOLS_PRIVATE_EXTERN = NO;
				GCC_WARN_64_TO_32_BIT_CONVERSION = YES;
				GCC_WARN_ABOUT_RETURN_TYPE = YES_ERROR;
				GCC_WARN_UNDECLARED_SELECTOR = YES;
				GCC_WARN_UNINITIALIZED_AUTOS = YES;
				GCC_WARN_UNUSED_FUNCTION = YES;
				GCC_WARN_UNUSED_VARIABLE = YES;
				IPHONEOS_DEPLOYMENT_TARGET = 7.0;
				ONLY_ACTIVE_ARCH = YES;
				SDKROOT = iphoneos;
			};
			name = Debug;
		};
		52EC7333187E5A23003CE5C4 /* Release */ = {
			isa = XCBuildConfiguration;
			buildSettings = {
				ALWAYS_SEARCH_USER_PATHS = NO;
				ARCHS = "$(ARCHS_STANDARD_INCLUDING_64_BIT)";
				CLANG_CXX_LANGUAGE_STANDARD = "gnu++0x";
				CLANG_CXX_LIBRARY = "libc++";
				CLANG_ENABLE_MODULES = YES;
				CLANG_ENABLE_OBJC_ARC = YES;
				CLANG_WARN_BOOL_CONVERSION = YES;
				CLANG_WARN_CONSTANT_CONVERSION = YES;
				CLANG_WARN_DIRECT_OBJC_ISA_USAGE = YES_ERROR;
				CLANG_WARN_EMPTY_BODY = YES;
				CLANG_WARN_ENUM_CONVERSION = YES;
				CLANG_WARN_INT_CONVERSION = YES;
				CLANG_WARN_OBJC_ROOT_CLASS = YES_ERROR;
				CLANG_WARN__DUPLICATE_METHOD_MATCH = YES;
				"CODE_SIGN_IDENTITY[sdk=iphoneos*]" = "iPhone Developer";
				COPY_PHASE_STRIP = YES;
				ENABLE_NS_ASSERTIONS = NO;
				GCC_C_LANGUAGE_STANDARD = gnu99;
				GCC_WARN_64_TO_32_BIT_CONVERSION = YES;
				GCC_WARN_ABOUT_RETURN_TYPE = YES_ERROR;
				GCC_WARN_UNDECLARED_SELECTOR = YES;
				GCC_WARN_UNINITIALIZED_AUTOS = YES;
				GCC_WARN_UNUSED_FUNCTION = YES;
				GCC_WARN_UNUSED_VARIABLE = YES;
				IPHONEOS_DEPLOYMENT_TARGET = 7.0;
				SDKROOT = iphoneos;
				VALIDATE_PRODUCT = YES;
			};
			name = Release;
		};
		52EC7335187E5A24003CE5C4 /* Debug */ = {
			isa = XCBuildConfiguration;
			buildSettings = {
				ASSETCATALOG_COMPILER_APPICON_NAME = AppIcon;
				ASSETCATALOG_COMPILER_LAUNCHIMAGE_NAME = LaunchImage;
				GCC_PRECOMPILE_PREFIX_HEADER = YES;
				GCC_PREFIX_HEADER = "Check/Check-Prefix.pch";
				INFOPLIST_FILE = "Check/Check-Info.plist";
				PRODUCT_NAME = "$(TARGET_NAME)";
				WRAPPER_EXTENSION = app;
			};
			name = Debug;
		};
		52EC7336187E5A24003CE5C4 /* Release */ = {
			isa = XCBuildConfiguration;
			buildSettings = {
				ASSETCATALOG_COMPILER_APPICON_NAME = AppIcon;
				ASSETCATALOG_COMPILER_LAUNCHIMAGE_NAME = LaunchImage;
				GCC_PRECOMPILE_PREFIX_HEADER = YES;
				GCC_PREFIX_HEADER = "Check/Check-Prefix.pch";
				INFOPLIST_FILE = "Check/Check-Info.plist";
				PRODUCT_NAME = "$(TARGET_NAME)";
				WRAPPER_EXTENSION = app;
			};
			name = Release;
		};
		52EC7338187E5A24003CE5C4 /* Debug */ = {
			isa = XCBuildConfiguration;
			buildSettings = {
				ARCHS = "$(ARCHS_STANDARD_INCLUDING_64_BIT)";
				BUNDLE_LOADER = "$(BUILT_PRODUCTS_DIR)/Check.app/Check";
				FRAMEWORK_SEARCH_PATHS = (
					"$(SDKROOT)/Developer/Library/Frameworks",
					"$(inherited)",
					"$(DEVELOPER_FRAMEWORKS_DIR)",
				);
				GCC_PRECOMPILE_PREFIX_HEADER = YES;
				GCC_PREFIX_HEADER = "Check/Check-Prefix.pch";
				GCC_PREPROCESSOR_DEFINITIONS = (
					"DEBUG=1",
					"$(inherited)",
				);
				INFOPLIST_FILE = "CheckTests/CheckTests-Info.plist";
				PRODUCT_NAME = "$(TARGET_NAME)";
				TEST_HOST = "$(BUNDLE_LOADER)";
				WRAPPER_EXTENSION = xctest;
			};
			name = Debug;
		};
		52EC7339187E5A24003CE5C4 /* Release */ = {
			isa = XCBuildConfiguration;
			buildSettings = {
				ARCHS = "$(ARCHS_STANDARD_INCLUDING_64_BIT)";
				BUNDLE_LOADER = "$(BUILT_PRODUCTS_DIR)/Check.app/Check";
				FRAMEWORK_SEARCH_PATHS = (
					"$(SDKROOT)/Developer/Library/Frameworks",
					"$(inherited)",
					"$(DEVELOPER_FRAMEWORKS_DIR)",
				);
				GCC_PRECOMPILE_PREFIX_HEADER = YES;
				GCC_PREFIX_HEADER = "Check/Check-Prefix.pch";
				INFOPLIST_FILE = "CheckTests/CheckTests-Info.plist";
				PRODUCT_NAME = "$(TARGET_NAME)";
				TEST_HOST = "$(BUNDLE_LOADER)";
				WRAPPER_EXTENSION = xctest;
			};
			name = Release;
		};
/* End XCBuildConfiguration section */

/* Begin XCConfigurationList section */
		52EC72FD187E5A22003CE5C4 /* Build configuration list for PBXProject "Check" */ = {
			isa = XCConfigurationList;
			buildConfigurations = (
				52EC7332187E5A23003CE5C4 /* Debug */,
				52EC7333187E5A23003CE5C4 /* Release */,
			);
			defaultConfigurationIsVisible = 0;
			defaultConfigurationName = Release;
		};
		52EC7334187E5A24003CE5C4 /* Build configuration list for PBXNativeTarget "Check" */ = {
			isa = XCConfigurationList;
			buildConfigurations = (
				52EC7335187E5A24003CE5C4 /* Debug */,
				52EC7336187E5A24003CE5C4 /* Release */,
			);
			defaultConfigurationIsVisible = 0;
		};
		52EC7337187E5A24003CE5C4 /* Build configuration list for PBXNativeTarget "CheckTests" */ = {
			isa = XCConfigurationList;
			buildConfigurations = (
				52EC7338187E5A24003CE5C4 /* Debug */,
				52EC7339187E5A24003CE5C4 /* Release */,
			);
			defaultConfigurationIsVisible = 0;
		};
/* End XCConfigurationList section */
	};
	rootObject = 52EC72FA187E5A22003CE5C4 /* Project object */;
}
